
Microsoft Visual Studio Solution File, Format Version 12.00
# Visual Studio Version 17
VisualStudioVersion = 17.9.34616.47
MinimumVisualStudioVersion = 10.0.40219.1
Project("{FAE04EC0-301F-11D3-BF4B-00C04F79EFBC}") = "MovieManagement.API", "MovieManagement.API\MovieManagement.API.csproj", "{B9D87815-3AC1-46AE-8FF4-B1E8847AE59C}"
EndProject
Project("{FAE04EC0-301F-11D3-BF4B-00C04F79EFBC}") = "MovieManagement.Domain", "MovieManagement.Domain\MovieManagement.Domain.csproj", "{24038EF1-BD84-4A8A-9302-1BCE1D65E8AF}"
EndProject
Project("{FAE04EC0-301F-11D3-BF4B-00C04F79EFBC}") = "MovieManagement.DataAccess", "MovieManagement.DataAccess\MovieManagement.DataAccess.csproj", "{52C19514-FDE3-406C-8998-EB1607E3DF70}"
EndProject
Global
	GlobalSection(SolutionConfigurationPlatforms) = preSolution
		Debug|Any CPU = Debug|Any CPU
		Release|Any CPU = Release|Any CPU
	EndGlobalSection
	GlobalSection(ProjectConfigurationPlatforms) = postSolution
		{B9D87815-3AC1-46AE-8FF4-B1E8847AE59C}.Debug|Any CPU.ActiveCfg = Debug|Any CPU
		{B9D87815-3AC1-46AE-8FF4-B1E8847AE59C}.Debug|Any CPU.Build.0 = Debug|Any CPU
		{B9D87815-3AC1-46AE-8FF4-B1E8847AE59C}.Release|Any CPU.ActiveCfg = Release|Any CPU
		{B9D87815-3AC1-46AE-8FF4-B1E8847AE59C}.Release|Any CPU.Build.0 = Release|Any CPU
		{24038EF1-BD84-4A8A-9302-1BCE1D65E8AF}.Debug|Any CPU.ActiveCfg = Debug|Any CPU
		{24038EF1-BD84-4A8A-9302-1BCE1D65E8AF}.Debug|Any CPU.Build.0 = Debug|Any CPU
		{24038EF1-BD84-4A8A-9302-1BCE1D65E8AF}.Release|Any CPU.ActiveCfg = Release|Any CPU
		{24038EF1-BD84-4A8A-9302-1BCE1D65E8AF}.Release|Any CPU.Build.0 = Release|Any CPU
		{52C19514-FDE3-406C-8998-EB1607E3DF70}.Debug|Any CPU.ActiveCfg = Debug|Any CPU
		{52C19514-FDE3-406C-8998-EB1607E3DF70}.Debug|Any CPU.Build.0 = Debug|Any CPU
		{52C19514-FDE3-406C-8998-EB1607E3DF70}.Release|Any CPU.ActiveCfg = Release|Any CPU
		{52C19514-FDE3-406C-8998-EB1607E3DF70}.Release|Any CPU.Build.0 = Release|Any CPU
	EndGlobalSection
	GlobalSection(SolutionProperties) = preSolution
		HideSolutionNode = FALSE
	EndGlobalSection
	GlobalSection(ExtensibilityGlobals) = postSolution
		SolutionGuid = {77F4EB58-2CAD-48B2-8FE3-3B75BC6D88F0}
	EndGlobalSection
EndGlobal
